{
  "name": "google-arts-and-culture",
  "lockfileVersion": 3,
  "requires": true,
  "packages": {
    "": {
      "dependencies": {
        "umap": "^1.0.2"
      }
    },
    "node_modules/umap": {
      "version": "1.0.2",
      "resolved": "https://registry.npmjs.org/umap/-/umap-1.0.2.tgz",
      "integrity": "sha512-bW127HgG4H4VAD6qlqO5vCC+7bnlYvZ6A6BdwyGblkWvlEG7VYpj1bcpf3iJpvyKmkPZWDIeZDmoULz67ec7NA==",
      "license": "ISC"
    }
  }
}
